// !$*UTF8*$!
{
	archiveVersion = 1;
	classes = {
	};
	objectVersion = 50;
	objects = {

/* Begin PBXBuildFile section */
		2722726C263AD71300AFC28A /* AppDelegate.mm in Sources */ = {isa = PBXBuildFile; fileRef = 2722726B263AD71300AFC28A /* AppDelegate.mm */; };
		27227274263AD71400AFC28A /* main.m in Sources */ = {isa = PBXBuildFile; fileRef = 27227273263AD71400AFC28A /* main.m */; };
		27BF31042668EF7F001B8384 /* STPrivilegedTask.m in Sources */ = {isa = PBXBuildFile; fileRef = 27BF31032668EF7F001B8384 /* STPrivilegedTask.m */; };
		27D3053E263D28BC00BBEBA5 /* App.xib in Resources */ = {isa = PBXBuildFile; fileRef = 27227270263AD71400AFC28A /* App.xib */; };
		4000AD3C283D8A4800D07897 /* en.lproj in Resources */ = {isa = PBXBuildFile; fileRef = 4000AD3B283D8A4800D07897 /* en.lproj */; };
		40B4470C28511CFC00E28ED2 /* ja.lproj in Resources */ = {isa = PBXBuildFile; fileRef = 40B4470B28511CFC00E28ED2 /* ja.lproj */; };
		611C771B2DBB0CF000427809 /* Localizable.strings in Resources */ = {isa = PBXBuildFile; fileRef = 611C77132DBB0CF000427809 /* Localizable.strings */; };
		611C771C2DBB0CF000427809 /* Localizable.strings in Resources */ = {isa = PBXBuildFile; fileRef = 611C77162DBB0CF000427809 /* Localizable.strings */; };
		611C771D2DBB0CF000427809 /* Localizable.strings in Resources */ = {isa = PBXBuildFile; fileRef = 611C77192DBB0CF000427809 /* Localizable.strings */; };
		6972FEFB2E0F384500CDE7A4 /* Localizable.strings in Resources */ = {isa = PBXBuildFile; fileRef = 6972FEF92E0F384500CDE7A4 /* Localizable.strings */; };
/* End PBXBuildFile section */

/* Begin PBXFileReference section */
		27227267263AD71300AFC28A /* DynamicUniversalApp.app */ = {isa = PBXFileReference; explicitFileType = wrapper.application; includeInIndex = 0; path = DynamicUniversalApp.app; sourceTree = BUILT_PRODUCTS_DIR; };
		2722726A263AD71300AFC28A /* AppDelegate.h */ = {isa = PBXFileReference; lastKnownFileType = sourcecode.c.h; path = AppDelegate.h; sourceTree = "<group>"; };
		2722726B263AD71300AFC28A /* AppDelegate.mm */ = {isa = PBXFileReference; lastKnownFileType = sourcecode.cpp.objcpp; path = AppDelegate.mm; sourceTree = "<group>"; };
		27227270263AD71400AFC28A /* App.xib */ = {isa = PBXFileReference; lastKnownFileType = file.xib; path = App.xib; sourceTree = "<group>"; };
		27227272263AD71400AFC28A /* Info.plist */ = {isa = PBXFileReference; lastKnownFileType = text.plist.xml; path = Info.plist; sourceTree = "<group>"; };
		27227273263AD71400AFC28A /* main.m */ = {isa = PBXFileReference; lastKnownFileType = sourcecode.c.objc; path = main.m; sourceTree = "<group>"; };
		27BF31032668EF7F001B8384 /* STPrivilegedTask.m */ = {isa = PBXFileReference; fileEncoding = 4; lastKnownFileType = sourcecode.c.objc; path = STPrivilegedTask.m; sourceTree = "<group>"; };
		4000AD3B283D8A4800D07897 /* en.lproj */ = {isa = PBXFileReference; lastKnownFileType = folder; path = en.lproj; sourceTree = "<group>"; };
		40B4470B28511CFC00E28ED2 /* ja.lproj */ = {isa = PBXFileReference; lastKnownFileType = folder; path = ja.lproj; sourceTree = "<group>"; };
		611C77122DBB0CF000427809 /* es-es */ = {isa = PBXFileReference; lastKnownFileType = text.plist.strings; name = "es-es"; path = Localizable.strings; sourceTree = "<group>"; };
		611C77152DBB0CF000427809 /* ko-kr */ = {isa = PBXFileReference; lastKnownFileType = text.plist.strings; name = "ko-kr"; path = Localizable.strings; sourceTree = "<group>"; };
		611C77182DBB0CF000427809 /* pt-br */ = {isa = PBXFileReference; lastKnownFileType = text.plist.strings; name = "pt-br"; path = Localizable.strings; sourceTree = "<group>"; };
		6972FEF82E0F384500CDE7A4 /* es-419 */ = {isa = PBXFileReference; lastKnownFileType = text.plist.strings; name = "es-419"; path = Localizable.strings; sourceTree = "<group>"; };
/* End PBXFileReference section */

/* Begin PBXFrameworksBuildPhase section */
		27227264263AD71300AFC28A /* Frameworks */ = {
			isa = PBXFrameworksBuildPhase;
			buildActionMask = 2147483647;
			files = (
			);
			runOnlyForDeploymentPostprocessing = 0;
		};
/* End PBXFrameworksBuildPhase section */

/* Begin PBXGroup section */
		2722725E263AD71300AFC28A = {
			isa = PBXGroup;
			children = (
				6972FEFA2E0F384500CDE7A4 /* es-419.lproj */,
				40B4470B28511CFC00E28ED2 /* ja.lproj */,
				4000AD3B283D8A4800D07897 /* en.lproj */,
				2722726A263AD71300AFC28A /* AppDelegate.h */,
				2722726B263AD71300AFC28A /* AppDelegate.mm */,
				27227270263AD71400AFC28A /* App.xib */,
				27227272263AD71400AFC28A /* Info.plist */,
				27BF31032668EF7F001B8384 /* STPrivilegedTask.m */,
				27227273263AD71400AFC28A /* main.m */,
				27227268263AD71300AFC28A /* Products */,
				611C77142DBB0CF000427809 /* es-es.lproj */,
				611C77172DBB0CF000427809 /* ko-kr.lproj */,
				611C771A2DBB0CF000427809 /* pt-br.lproj */,
			);
			sourceTree = "<group>";
		};
		27227268263AD71300AFC28A /* Products */ = {
			isa = PBXGroup;
			children = (
				27227267263AD71300AFC28A /* DynamicUniversalApp.app */,
			);
			name = Products;
			sourceTree = "<group>";
		};
		611C77142DBB0CF000427809 /* es-es.lproj */ = {
			isa = PBXGroup;
			children = (
				611C77132DBB0CF000427809 /* Localizable.strings */,
			);
			path = "es-es.lproj";
			sourceTree = "<group>";
		};
		611C77172DBB0CF000427809 /* ko-kr.lproj */ = {
			isa = PBXGroup;
			children = (
				611C77162DBB0CF000427809 /* Localizable.strings */,
			);
			path = "ko-kr.lproj";
			sourceTree = "<group>";
		};
		611C771A2DBB0CF000427809 /* pt-br.lproj */ = {
			isa = PBXGroup;
			children = (
				611C77192DBB0CF000427809 /* Localizable.strings */,
			);
			path = "pt-br.lproj";
			sourceTree = "<group>";
		};
		6972FEFA2E0F384500CDE7A4 /* es-419.lproj */ = {
			isa = PBXGroup;
			children = (
				6972FEF92E0F384500CDE7A4 /* Localizable.strings */,
			);
			path = "es-419.lproj";
			sourceTree = "<group>";
		};
/* End PBXGroup section */

/* Begin PBXNativeTarget section */
		27227266263AD71300AFC28A /* DynamicUniversalApp */ = {
			isa = PBXNativeTarget;
			buildConfigurationList = 27227278263AD71400AFC28A /* Build configuration list for PBXNativeTarget "DynamicUniversalApp" */;
			buildPhases = (
				27227263263AD71300AFC28A /* Sources */,
				27227264263AD71300AFC28A /* Frameworks */,
				27227265263AD71300AFC28A /* Resources */,
			);
			buildRules = (
			);
			dependencies = (
			);
			name = DynamicUniversalApp;
			productName = SlimBundle;
			productReference = 27227267263AD71300AFC28A /* DynamicUniversalApp.app */;
			productType = "com.apple.product-type.application";
		};
/* End PBXNativeTarget section */

/* Begin PBXProject section */
		2722725F263AD71300AFC28A /* Project object */ = {
			isa = PBXProject;
			attributes = {
				LastUpgradeCheck = 1130;
				ORGANIZATIONNAME = "Figma, Inc.";
				TargetAttributes = {
					27227266263AD71300AFC28A = {
						CreatedOnToolsVersion = 11.3.1;
					};
				};
			};
			buildConfigurationList = 27227262263AD71300AFC28A /* Build configuration list for PBXProject "DynamicUniversalApp" */;
			compatibilityVersion = "Xcode 9.3";
			developmentRegion = en;
			hasScannedForEncodings = 0;
			knownRegions = (
				en,
				Base,
				ja,
				"es-es",
				"ko-kr",
				"pt-br",
				"ko-KR",
				"pt-BR",
				"es-ES",
				"es-419",
			);
			mainGroup = 2722725E263AD71300AFC28A;
			productRefGroup = 27227268263AD71300AFC28A /* Products */;
			projectDirPath = "";
			projectRoot = "";
			targets = (
				27227266263AD71300AFC28A /* DynamicUniversalApp */,
			);
		};
/* End PBXProject section */

/* Begin PBXResourcesBuildPhase section */
		27227265263AD71300AFC28A /* Resources */ = {
			isa = PBXResourcesBuildPhase;
			buildActionMask = 2147483647;
			files = (
				27D3053E263D28BC00BBEBA5 /* App.xib in Resources */,
				40B4470C28511CFC00E28ED2 /* ja.lproj in Resources */,
				4000AD3C283D8A4800D07897 /* en.lproj in Resources */,
				6972FEFB2E0F384500CDE7A4 /* Localizable.strings in Resources */,
				611C771B2DBB0CF000427809 /* Localizable.strings in Resources */,
				611C771C2DBB0CF000427809 /* Localizable.strings in Resources */,
				611C771D2DBB0CF000427809 /* Localizable.strings in Resources */,
			);
			runOnlyForDeploymentPostprocessing = 0;
		};
/* End PBXResourcesBuildPhase section */

/* Begin PBXSourcesBuildPhase section */
		27227263263AD71300AFC28A /* Sources */ = {
			isa = PBXSourcesBuildPhase;
			buildActionMask = 2147483647;
			files = (
				27227274263AD71400AFC28A /* main.m in Sources */,
				2722726C263AD71300AFC28A /* AppDelegate.mm in Sources */,
				27BF31042668EF7F001B8384 /* STPrivilegedTask.m in Sources */,
			);
			runOnlyForDeploymentPostprocessing = 0;
		};
/* End PBXSourcesBuildPhase section */

/* Begin PBXVariantGroup section */
		611C77132DBB0CF000427809 /* Localizable.strings */ = {
			isa = PBXVariantGroup;
			children = (
				611C77122DBB0CF000427809 /* es-es */,
			);
			name = Localizable.strings;
			sourceTree = "<group>";
		};
		611C77162DBB0CF000427809 /* Localizable.strings */ = {
			isa = PBXVariantGroup;
			children = (
				611C77152DBB0CF000427809 /* ko-kr */,
			);
			name = Localizable.strings;
			sourceTree = "<group>";
		};
		611C77192DBB0CF000427809 /* Localizable.strings */ = {
			isa = PBXVariantGroup;
			children = (
				611C77182DBB0CF000427809 /* pt-br */,
			);
			name = Localizable.strings;
			sourceTree = "<group>";
		};
		6972FEF92E0F384500CDE7A4 /* Localizable.strings */ = {
			isa = PBXVariantGroup;
			children = (
				6972FEF82E0F384500CDE7A4 /* es-419 */,
			);
			name = Localizable.strings;
			sourceTree = "<group>";
		};
/* End PBXVariantGroup section */

/* Begin XCBuildConfiguration section */
		27227276263AD71400AFC28A /* Debug */ = {
			isa = XCBuildConfiguration;
			buildSettings = {
				ALWAYS_SEARCH_USER_PATHS = NO;
				CLANG_ANALYZER_NONNULL = YES;
				CLANG_ANALYZER_NUMBER_OBJECT_CONVERSION = YES_AGGRESSIVE;
				CLANG_CXX_LANGUAGE_STANDARD = "gnu++14";
				CLANG_CXX_LIBRARY = "libc++";
				CLANG_ENABLE_MODULES = YES;
				CLANG_ENABLE_OBJC_ARC = YES;
				CLANG_ENABLE_OBJC_WEAK = YES;
				CLANG_WARN_BLOCK_CAPTURE_AUTORELEASING = YES;
				CLANG_WARN_BOOL_CONVERSION = YES;
				CLANG_WARN_COMMA = YES;
				CLANG_WARN_CONSTANT_CONVERSION = YES;
				CLANG_WARN_DEPRECATED_OBJC_IMPLEMENTATIONS = YES;
				CLANG_WARN_DIRECT_OBJC_ISA_USAGE = YES_ERROR;
				CLANG_WARN_DOCUMENTATION_COMMENTS = YES;
				CLANG_WARN_EMPTY_BODY = YES;
				CLANG_WARN_ENUM_CONVERSION = YES;
				CLANG_WARN_INFINITE_RECURSION = YES;
				CLANG_WARN_INT_CONVERSION = YES;
				CLANG_WARN_NON_LITERAL_NULL_CONVERSION = YES;
				CLANG_WARN_OBJC_IMPLICIT_RETAIN_SELF = YES;
				CLANG_WARN_OBJC_LITERAL_CONVERSION = YES;
				CLANG_WARN_OBJC_ROOT_CLASS = YES_ERROR;
				CLANG_WARN_RANGE_LOOP_ANALYSIS = YES;
				CLANG_WARN_STRICT_PROTOTYPES = YES;
				CLANG_WARN_SUSPICIOUS_MOVE = YES;
				CLANG_WARN_UNGUARDED_AVAILABILITY = YES_AGGRESSIVE;
				CLANG_WARN_UNREACHABLE_CODE = YES;
				CLANG_WARN__DUPLICATE_METHOD_MATCH = YES;
				COPY_PHASE_STRIP = NO;
				DEBUG_INFORMATION_FORMAT = dwarf;
				ENABLE_STRICT_OBJC_MSGSEND = YES;
				ENABLE_TESTABILITY = YES;
				GCC_C_LANGUAGE_STANDARD = gnu11;
				GCC_DYNAMIC_NO_PIC = NO;
				GCC_NO_COMMON_BLOCKS = YES;
				GCC_OPTIMIZATION_LEVEL = 0;
				GCC_PREPROCESSOR_DEFINITIONS = (
					"DEBUG=1",
					"$(inherited)",
				);
				GCC_WARN_64_TO_32_BIT_CONVERSION = YES;
				GCC_WARN_ABOUT_RETURN_TYPE = YES_ERROR;
				GCC_WARN_UNDECLARED_SELECTOR = YES;
				GCC_WARN_UNINITIALIZED_AUTOS = YES_AGGRESSIVE;
				GCC_WARN_UNUSED_FUNCTION = YES;
				GCC_WARN_UNUSED_VARIABLE = YES;
				MACOSX_DEPLOYMENT_TARGET = 10.14;
				MTL_ENABLE_DEBUG_INFO = INCLUDE_SOURCE;
				MTL_FAST_MATH = YES;
				ONLY_ACTIVE_ARCH = YES;
				SDKROOT = macosx;
			};
			name = Debug;
		};
		27227277263AD71400AFC28A /* Release */ = {
			isa = XCBuildConfiguration;
			buildSettings = {
				ALWAYS_SEARCH_USER_PATHS = NO;
				CLANG_ANALYZER_NONNULL = YES;
				CLANG_ANALYZER_NUMBER_OBJECT_CONVERSION = YES_AGGRESSIVE;
				CLANG_CXX_LANGUAGE_STANDARD = "gnu++14";
				CLANG_CXX_LIBRARY = "libc++";
				CLANG_ENABLE_MODULES = YES;
				CLANG_ENABLE_OBJC_ARC = YES;
				CLANG_ENABLE_OBJC_WEAK = YES;
				CLANG_WARN_BLOCK_CAPTURE_AUTORELEASING = YES;
				CLANG_WARN_BOOL_CONVERSION = YES;
				CLANG_WARN_COMMA = YES;
				CLANG_WARN_CONSTANT_CONVERSION = YES;
				CLANG_WARN_DEPRECATED_OBJC_IMPLEMENTATIONS = YES;
				CLANG_WARN_DIRECT_OBJC_ISA_USAGE = YES_ERROR;
				CLANG_WARN_DOCUMENTATION_COMMENTS = YES;
				CLANG_WARN_EMPTY_BODY = YES;
				CLANG_WARN_ENUM_CONVERSION = YES;
				CLANG_WARN_INFINITE_RECURSION = YES;
				CLANG_WARN_INT_CONVERSION = YES;
				CLANG_WARN_NON_LITERAL_NULL_CONVERSION = YES;
				CLANG_WARN_OBJC_IMPLICIT_RETAIN_SELF = YES;
				CLANG_WARN_OBJC_LITERAL_CONVERSION = YES;
				CLANG_WARN_OBJC_ROOT_CLASS = YES_ERROR;
				CLANG_WARN_RANGE_LOOP_ANALYSIS = YES;
				CLANG_WARN_STRICT_PROTOTYPES = YES;
				CLANG_WARN_SUSPICIOUS_MOVE = YES;
				CLANG_WARN_UNGUARDED_AVAILABILITY = YES_AGGRESSIVE;
				CLANG_WARN_UNREACHABLE_CODE = YES;
				CLANG_WARN__DUPLICATE_METHOD_MATCH = YES;
				COPY_PHASE_STRIP = NO;
				DEBUG_INFORMATION_FORMAT = "dwarf-with-dsym";
				ENABLE_NS_ASSERTIONS = NO;
				ENABLE_STRICT_OBJC_MSGSEND = YES;
				GCC_C_LANGUAGE_STANDARD = gnu11;
				GCC_NO_COMMON_BLOCKS = YES;
				GCC_WARN_64_TO_32_BIT_CONVERSION = YES;
				GCC_WARN_ABOUT_RETURN_TYPE = YES_ERROR;
				GCC_WARN_UNDECLARED_SELECTOR = YES;
				GCC_WARN_UNINITIALIZED_AUTOS = YES_AGGRESSIVE;
				GCC_WARN_UNUSED_FUNCTION = YES;
				GCC_WARN_UNUSED_VARIABLE = YES;
				MACOSX_DEPLOYMENT_TARGET = 10.14;
				MTL_ENABLE_DEBUG_INFO = NO;
				MTL_FAST_MATH = YES;
				SDKROOT = macosx;
			};
			name = Release;
		};
		27227279263AD71400AFC28A /* Debug */ = {
			isa = XCBuildConfiguration;
			buildSettings = {
				ASSETCATALOG_COMPILER_APPICON_NAME = AppIcon;
				CODE_SIGN_STYLE = Automatic;
				COMBINE_HIDPI_IMAGES = YES;
				INFOPLIST_FILE = Info.plist;
				LD_RUNPATH_SEARCH_PATHS = (
					"$(inherited)",
					"@executable_path/../Frameworks",
				);
				MACOSX_DEPLOYMENT_TARGET = 10.12;
				PRODUCT_BUNDLE_IDENTIFIER = "com.figma.dynamic-universal-app";
				PRODUCT_NAME = "$(TARGET_NAME)";
			};
			name = Debug;
		};
		2722727A263AD71400AFC28A /* Release */ = {
			isa = XCBuildConfiguration;
			buildSettings = {
				ASSETCATALOG_COMPILER_APPICON_NAME = AppIcon;
				CODE_SIGN_STYLE = Automatic;
				COMBINE_HIDPI_IMAGES = YES;
				INFOPLIST_FILE = Info.plist;
				LD_RUNPATH_SEARCH_PATHS = (
					"$(inherited)",
					"@executable_path/../Frameworks",
				);
				MACOSX_DEPLOYMENT_TARGET = 10.12;
				PRODUCT_BUNDLE_IDENTIFIER = "com.figma.dynamic-universal-app";
				PRODUCT_NAME = "$(TARGET_NAME)";
			};
			name = Release;
		};
/* End XCBuildConfiguration section */

/* Begin XCConfigurationList section */
		27227262263AD71300AFC28A /* Build configuration list for PBXProject "DynamicUniversalApp" */ = {
			isa = XCConfigurationList;
			buildConfigurations = (
				27227276263AD71400AFC28A /* Debug */,
				27227277263AD71400AFC28A /* Release */,
			);
			defaultConfigurationIsVisible = 0;
			defaultConfigurationName = Release;
		};
		27227278263AD71400AFC28A /* Build configuration list for PBXNativeTarget "DynamicUniversalApp" */ = {
			isa = XCConfigurationList;
			buildConfigurations = (
				27227279263AD71400AFC28A /* Debug */,
				2722727A263AD71400AFC28A /* Release */,
			);
			defaultConfigurationIsVisible = 0;
			defaultConfigurationName = Release;
		};
/* End XCConfigurationList section */
	};
	rootObject = 2722725F263AD71300AFC28A /* Project object */;
}
